
Microsoft Visual Studio Solution File, Format Version 12.00
# Visual Studio Version 16
VisualStudioVersion = 16.0.31105.61
MinimumVisualStudioVersion = 10.0.40219.1
Project("{FAE04EC0-301F-11D3-BF4B-00C04F79EFBC}") = "Daily Practice", "Daily Practice\Daily Practice.csproj", "{92600CC6-3FD8-4177-A48F-2D8043B70176}"
EndProject
Global
	GlobalSection(SolutionConfigurationPlatforms) = preSolution
		Debug|Any CPU = Debug|Any CPU
		Release|Any CPU = Release|Any CPU
	EndGlobalSection
	GlobalSection(ProjectConfigurationPlatforms) = postSolution
		{92600CC6-3FD8-4177-A48F-2D8043B70176}.Debug|Any CPU.ActiveCfg = Debug|Any CPU
		{92600CC6-3FD8-4177-A48F-2D8043B70176}.Debug|Any CPU.Build.0 = Debug|Any CPU
		{92600CC6-3FD8-4177-A48F-2D8043B70176}.Release|Any CPU.ActiveCfg = Release|Any CPU
		{92600CC6-3FD8-4177-A48F-2D8043B70176}.Release|Any CPU.Build.0 = Release|Any CPU
	EndGlobalSection
	GlobalSection(SolutionProperties) = preSolution
		HideSolutionNode = FALSE
	EndGlobalSection
	GlobalSection(ExtensibilityGlobals) = postSolution
		SolutionGuid = {D9FFAE3C-C885-4621-BCE2-30C071152D76}
	EndGlobalSection
EndGlobal
