
Microsoft Visual Studio Solution File, Format Version 12.00
# Visual Studio Version 16
VisualStudioVersion = 16.0.30011.22
MinimumVisualStudioVersion = 10.0.40219.1
Project("{FAE04EC0-301F-11D3-BF4B-00C04F79EFBC}") = "HashTablesII", "HashTablesII.csproj", "{91F96B58-8104-4879-A585-6DC92A23E4F4}"
EndProject
Global
	GlobalSection(SolutionConfigurationPlatforms) = preSolution
		Debug|Any CPU = Debug|Any CPU
		Release|Any CPU = Release|Any CPU
	EndGlobalSection
	GlobalSection(ProjectConfigurationPlatforms) = postSolution
		{91F96B58-8104-4879-A585-6DC92A23E4F4}.Debug|Any CPU.ActiveCfg = Debug|Any CPU
		{91F96B58-8104-4879-A585-6DC92A23E4F4}.Debug|Any CPU.Build.0 = Debug|Any CPU
		{91F96B58-8104-4879-A585-6DC92A23E4F4}.Release|Any CPU.ActiveCfg = Release|Any CPU
		{91F96B58-8104-4879-A585-6DC92A23E4F4}.Release|Any CPU.Build.0 = Release|Any CPU
	EndGlobalSection
	GlobalSection(SolutionProperties) = preSolution
		HideSolutionNode = FALSE
	EndGlobalSection
	GlobalSection(ExtensibilityGlobals) = postSolution
		SolutionGuid = {5F78BB5B-1E24-4FD9-92F8-0EBF172A6E45}
	EndGlobalSection
EndGlobal
