
Microsoft Visual Studio Solution File, Format Version 12.00
# Visual Studio Version 16
VisualStudioVersion = 16.0.31019.35
MinimumVisualStudioVersion = 10.0.40219.1
Project("{9A19103F-16F7-4668-BE54-9A1E7A4F7556}") = "Review", "Review\Review.csproj", "{851D812C-0EE2-44C4-823C-5495D9FDA27B}"
EndProject
Project("{9A19103F-16F7-4668-BE54-9A1E7A4F7556}") = "MoveElementToEnd", "MoveElementToEnd\MoveElementToEnd\MoveElementToEnd.csproj", "{DC5C6C30-CD2F-408C-953F-5D31121756E2}"
EndProject
Project("{9A19103F-16F7-4668-BE54-9A1E7A4F7556}") = "Tree Traversal", "Tree Traversal\Tree Traversal\Tree Traversal.csproj", "{F1A970B9-01A6-468A-9990-07CF3E69F143}"
EndProject
Project("{9A19103F-16F7-4668-BE54-9A1E7A4F7556}") = "DistributeCandies", "DistributeCandies\DistributeCandies.csproj", "{2C75EE4E-56C6-49E4-9E35-B66081AD466B}"
EndProject
Project("{9A19103F-16F7-4668-BE54-9A1E7A4F7556}") = "SetMismatch", "SetMismatch\SetMismatch.csproj", "{0A1E6852-1EC8-44A7-9734-649DA057C256}"
EndProject
Project("{9A19103F-16F7-4668-BE54-9A1E7A4F7556}") = "MissingNumber", "MissingNumber\MissingNumber.csproj", "{0FAF5791-ABB2-40D8-8C1F-6AD6D59168A3}"
EndProject
Project("{9A19103F-16F7-4668-BE54-9A1E7A4F7556}") = "IntersectionOfTwoLinkedLists", "IntersectionOfTwoLinkedLists\IntersectionOfTwoLinkedLists.csproj", "{A07FD29E-8B4A-453B-A39D-4664A1EA1AB0}"
EndProject
Project("{9A19103F-16F7-4668-BE54-9A1E7A4F7556}") = "AverageOfLevelsInBinaryTree", "AverageOfLevelsInBinaryTree\AverageOfLevelsInBinaryTree.csproj", "{D408C9BC-7B55-4EDF-A38B-9EDA5D044701}"
EndProject
Project("{9A19103F-16F7-4668-BE54-9A1E7A4F7556}") = "ShortEncodingOfWords", "ShortEncodingOfWords\ShortEncodingOfWords.csproj", "{6BBB4F57-3036-4F1A-B629-39F690C0B725}"
EndProject
Project("{9A19103F-16F7-4668-BE54-9A1E7A4F7556}") = "DesignHashMap", "DesignHashMap\DesignHashMap.csproj", "{DE325053-A613-460C-85DC-13F8F3E148E8}"
EndProject
Project("{9A19103F-16F7-4668-BE54-9A1E7A4F7556}") = "RemovePalindromicSubsequences", "RemovePalindromicSubsequences\RemovePalindromicSubsequences.csproj", "{ED130D2D-3C7D-4CB4-9E8E-18D79F01BCB6}"
EndProject
Project("{FAE04EC0-301F-11D3-BF4B-00C04F79EFBC}") = "AddOneRowToTree", "AddOneRowToTree\AddOneRowToTree.csproj", "{0DEEDD57-83B4-4A71-85DC-7A131C0FE577}"
EndProject
Global
	GlobalSection(SolutionConfigurationPlatforms) = preSolution
		Debug|Any CPU = Debug|Any CPU
		Release|Any CPU = Release|Any CPU
	EndGlobalSection
	GlobalSection(ProjectConfigurationPlatforms) = postSolution
		{851D812C-0EE2-44C4-823C-5495D9FDA27B}.Debug|Any CPU.ActiveCfg = Debug|Any CPU
		{851D812C-0EE2-44C4-823C-5495D9FDA27B}.Debug|Any CPU.Build.0 = Debug|Any CPU
		{851D812C-0EE2-44C4-823C-5495D9FDA27B}.Release|Any CPU.ActiveCfg = Release|Any CPU
		{851D812C-0EE2-44C4-823C-5495D9FDA27B}.Release|Any CPU.Build.0 = Release|Any CPU
		{DC5C6C30-CD2F-408C-953F-5D31121756E2}.Debug|Any CPU.ActiveCfg = Debug|Any CPU
		{DC5C6C30-CD2F-408C-953F-5D31121756E2}.Debug|Any CPU.Build.0 = Debug|Any CPU
		{DC5C6C30-CD2F-408C-953F-5D31121756E2}.Release|Any CPU.ActiveCfg = Release|Any CPU
		{DC5C6C30-CD2F-408C-953F-5D31121756E2}.Release|Any CPU.Build.0 = Release|Any CPU
		{F1A970B9-01A6-468A-9990-07CF3E69F143}.Debug|Any CPU.ActiveCfg = Debug|Any CPU
		{F1A970B9-01A6-468A-9990-07CF3E69F143}.Debug|Any CPU.Build.0 = Debug|Any CPU
		{F1A970B9-01A6-468A-9990-07CF3E69F143}.Release|Any CPU.ActiveCfg = Release|Any CPU
		{F1A970B9-01A6-468A-9990-07CF3E69F143}.Release|Any CPU.Build.0 = Release|Any CPU
		{2C75EE4E-56C6-49E4-9E35-B66081AD466B}.Debug|Any CPU.ActiveCfg = Debug|Any CPU
		{2C75EE4E-56C6-49E4-9E35-B66081AD466B}.Debug|Any CPU.Build.0 = Debug|Any CPU
		{2C75EE4E-56C6-49E4-9E35-B66081AD466B}.Release|Any CPU.ActiveCfg = Release|Any CPU
		{2C75EE4E-56C6-49E4-9E35-B66081AD466B}.Release|Any CPU.Build.0 = Release|Any CPU
		{0A1E6852-1EC8-44A7-9734-649DA057C256}.Debug|Any CPU.ActiveCfg = Debug|Any CPU
		{0A1E6852-1EC8-44A7-9734-649DA057C256}.Debug|Any CPU.Build.0 = Debug|Any CPU
		{0A1E6852-1EC8-44A7-9734-649DA057C256}.Release|Any CPU.ActiveCfg = Release|Any CPU
		{0A1E6852-1EC8-44A7-9734-649DA057C256}.Release|Any CPU.Build.0 = Release|Any CPU
		{0FAF5791-ABB2-40D8-8C1F-6AD6D59168A3}.Debug|Any CPU.ActiveCfg = Debug|Any CPU
		{0FAF5791-ABB2-40D8-8C1F-6AD6D59168A3}.Debug|Any CPU.Build.0 = Debug|Any CPU
		{0FAF5791-ABB2-40D8-8C1F-6AD6D59168A3}.Release|Any CPU.ActiveCfg = Release|Any CPU
		{0FAF5791-ABB2-40D8-8C1F-6AD6D59168A3}.Release|Any CPU.Build.0 = Release|Any CPU
		{A07FD29E-8B4A-453B-A39D-4664A1EA1AB0}.Debug|Any CPU.ActiveCfg = Debug|Any CPU
		{A07FD29E-8B4A-453B-A39D-4664A1EA1AB0}.Debug|Any CPU.Build.0 = Debug|Any CPU
		{A07FD29E-8B4A-453B-A39D-4664A1EA1AB0}.Release|Any CPU.ActiveCfg = Release|Any CPU
		{A07FD29E-8B4A-453B-A39D-4664A1EA1AB0}.Release|Any CPU.Build.0 = Release|Any CPU
		{D408C9BC-7B55-4EDF-A38B-9EDA5D044701}.Debug|Any CPU.ActiveCfg = Debug|Any CPU
		{D408C9BC-7B55-4EDF-A38B-9EDA5D044701}.Debug|Any CPU.Build.0 = Debug|Any CPU
		{D408C9BC-7B55-4EDF-A38B-9EDA5D044701}.Release|Any CPU.ActiveCfg = Release|Any CPU
		{D408C9BC-7B55-4EDF-A38B-9EDA5D044701}.Release|Any CPU.Build.0 = Release|Any CPU
		{6BBB4F57-3036-4F1A-B629-39F690C0B725}.Debug|Any CPU.ActiveCfg = Debug|Any CPU
		{6BBB4F57-3036-4F1A-B629-39F690C0B725}.Debug|Any CPU.Build.0 = Debug|Any CPU
		{6BBB4F57-3036-4F1A-B629-39F690C0B725}.Release|Any CPU.ActiveCfg = Release|Any CPU
		{6BBB4F57-3036-4F1A-B629-39F690C0B725}.Release|Any CPU.Build.0 = Release|Any CPU
		{DE325053-A613-460C-85DC-13F8F3E148E8}.Debug|Any CPU.ActiveCfg = Debug|Any CPU
		{DE325053-A613-460C-85DC-13F8F3E148E8}.Debug|Any CPU.Build.0 = Debug|Any CPU
		{DE325053-A613-460C-85DC-13F8F3E148E8}.Release|Any CPU.ActiveCfg = Release|Any CPU
		{DE325053-A613-460C-85DC-13F8F3E148E8}.Release|Any CPU.Build.0 = Release|Any CPU
		{ED130D2D-3C7D-4CB4-9E8E-18D79F01BCB6}.Debug|Any CPU.ActiveCfg = Debug|Any CPU
		{ED130D2D-3C7D-4CB4-9E8E-18D79F01BCB6}.Debug|Any CPU.Build.0 = Debug|Any CPU
		{ED130D2D-3C7D-4CB4-9E8E-18D79F01BCB6}.Release|Any CPU.ActiveCfg = Release|Any CPU
		{ED130D2D-3C7D-4CB4-9E8E-18D79F01BCB6}.Release|Any CPU.Build.0 = Release|Any CPU
		{0DEEDD57-83B4-4A71-85DC-7A131C0FE577}.Debug|Any CPU.ActiveCfg = Debug|Any CPU
		{0DEEDD57-83B4-4A71-85DC-7A131C0FE577}.Debug|Any CPU.Build.0 = Debug|Any CPU
		{0DEEDD57-83B4-4A71-85DC-7A131C0FE577}.Release|Any CPU.ActiveCfg = Release|Any CPU
		{0DEEDD57-83B4-4A71-85DC-7A131C0FE577}.Release|Any CPU.Build.0 = Release|Any CPU
	EndGlobalSection
	GlobalSection(SolutionProperties) = preSolution
		HideSolutionNode = FALSE
	EndGlobalSection
	GlobalSection(ExtensibilityGlobals) = postSolution
		SolutionGuid = {F58DE1EC-DF4B-4456-B2DF-76B0EFF26912}
	EndGlobalSection
EndGlobal
