
Microsoft Visual Studio Solution File, Format Version 12.00
# Visual Studio Version 16
VisualStudioVersion = 16.0.31019.35
MinimumVisualStudioVersion = 10.0.40219.1
Project("{FAE04EC0-301F-11D3-BF4B-00C04F79EFBC}") = "MoveElementToEnd", "MoveElementToEnd\MoveElementToEnd.csproj", "{F4DEAD43-3C36-4B0F-8B6F-FFE8F6D02E8D}"
EndProject
Global
	GlobalSection(SolutionConfigurationPlatforms) = preSolution
		Debug|Any CPU = Debug|Any CPU
		Release|Any CPU = Release|Any CPU
	EndGlobalSection
	GlobalSection(ProjectConfigurationPlatforms) = postSolution
		{F4DEAD43-3C36-4B0F-8B6F-FFE8F6D02E8D}.Debug|Any CPU.ActiveCfg = Debug|Any CPU
		{F4DEAD43-3C36-4B0F-8B6F-FFE8F6D02E8D}.Debug|Any CPU.Build.0 = Debug|Any CPU
		{F4DEAD43-3C36-4B0F-8B6F-FFE8F6D02E8D}.Release|Any CPU.ActiveCfg = Release|Any CPU
		{F4DEAD43-3C36-4B0F-8B6F-FFE8F6D02E8D}.Release|Any CPU.Build.0 = Release|Any CPU
	EndGlobalSection
	GlobalSection(SolutionProperties) = preSolution
		HideSolutionNode = FALSE
	EndGlobalSection
	GlobalSection(ExtensibilityGlobals) = postSolution
		SolutionGuid = {52076C13-A37C-4190-8B13-7B1E045EC571}
	EndGlobalSection
EndGlobal
