
Microsoft Visual Studio Solution File, Format Version 12.00
# Visual Studio Version 16
VisualStudioVersion = 16.0.31105.61
MinimumVisualStudioVersion = 10.0.40219.1
Project("{9A19103F-16F7-4668-BE54-9A1E7A4F7556}") = "FinalCountdown", "FinalCountdown\FinalCountdown.csproj", "{A26C93B4-D2FE-45C5-91CC-C4FAE6486484}"
EndProject
Project("{FAE04EC0-301F-11D3-BF4B-00C04F79EFBC}") = "BFS2DArray", "BFS2DArray\BFS2DArray.csproj", "{3814C38F-4AA9-48AE-811B-D07324ED8A23}"
EndProject
Global
	GlobalSection(SolutionConfigurationPlatforms) = preSolution
		Debug|Any CPU = Debug|Any CPU
		Release|Any CPU = Release|Any CPU
	EndGlobalSection
	GlobalSection(ProjectConfigurationPlatforms) = postSolution
		{A26C93B4-D2FE-45C5-91CC-C4FAE6486484}.Debug|Any CPU.ActiveCfg = Debug|Any CPU
		{A26C93B4-D2FE-45C5-91CC-C4FAE6486484}.Debug|Any CPU.Build.0 = Debug|Any CPU
		{A26C93B4-D2FE-45C5-91CC-C4FAE6486484}.Release|Any CPU.ActiveCfg = Release|Any CPU
		{A26C93B4-D2FE-45C5-91CC-C4FAE6486484}.Release|Any CPU.Build.0 = Release|Any CPU
		{3814C38F-4AA9-48AE-811B-D07324ED8A23}.Debug|Any CPU.ActiveCfg = Debug|Any CPU
		{3814C38F-4AA9-48AE-811B-D07324ED8A23}.Debug|Any CPU.Build.0 = Debug|Any CPU
		{3814C38F-4AA9-48AE-811B-D07324ED8A23}.Release|Any CPU.ActiveCfg = Release|Any CPU
		{3814C38F-4AA9-48AE-811B-D07324ED8A23}.Release|Any CPU.Build.0 = Release|Any CPU
	EndGlobalSection
	GlobalSection(SolutionProperties) = preSolution
		HideSolutionNode = FALSE
	EndGlobalSection
	GlobalSection(ExtensibilityGlobals) = postSolution
		SolutionGuid = {42ADFB8B-4D62-42B3-A528-C9EA5E743E1F}
	EndGlobalSection
EndGlobal
